# This file is automatically @generated by Poetry 1.5.1 and should not be changed by hand.

[[package]]
name = "paho-mqtt"
version = "1.6.1"
description = "MQTT version 5.0/3.1.1 client class"
optional = false
python-versions = "*"
files = [
    {file = "paho-mqtt-1.6.1.tar.gz", hash = "sha256:2a8291c81623aec00372b5a85558a372c747cbca8e9934dfe218638b8eefc26f"},
]

[package.extras]
proxy = ["PySocks"]

[[package]]
name = "python-dali"
version = "0.10"
description = "Interface to DALI lighting systems"
optional = false
python-versions = ">=3.7"
files = [
    {file = "python-dali-0.10.tar.gz", hash = "sha256:9f399ac7d82e15bd863a6b3c7d8e573acc4c4bf64f21ed67e1b151d72b2f02c5"},
    {file = "python_dali-0.10-py3-none-any.whl", hash = "sha256:1a4103f944d131f4b4381a1784c8e9b7952892c21dc673d1fbdc208f64869063"},
]

[package.extras]
driver-serial = ["pyserial-asyncio"]
driver-unipi = ["pymodbus", "pyusb"]
test = ["pyserial-asyncio", "pytest", "pytest-asyncio"]

[[package]]
name = "tomli"
version = "2.0.1"
description = "A lil' TOML parser"
optional = false
python-versions = ">=3.7"
files = [
    {file = "tomli-2.0.1-py3-none-any.whl", hash = "sha256:939de3e7a6161af0c887ef91b7d41a53e7c5a1ca976325f429cb46ea9bc30ecc"},
    {file = "tomli-2.0.1.tar.gz", hash = "sha256:de526c12914f0c550d15924c62d72abc48d6fe7364aa87328337a31007fe8a4f"},
]

[[package]]
name = "voluptuous"
version = "0.13.1"
description = ""
optional = false
python-versions = "*"
files = [
    {file = "voluptuous-0.13.1-py3-none-any.whl", hash = "sha256:4b838b185f5951f2d6e8752b68fcf18bd7a9c26ded8f143f92d6d28f3921a3e6"},
    {file = "voluptuous-0.13.1.tar.gz", hash = "sha256:e8d31c20601d6773cb14d4c0f42aee29c6821bbd1018039aac7ac5605b489723"},
]

[metadata]
lock-version = "2.0"
python-versions = "^3.8"
content-hash = "15ddd2f6cd2c2cbebaea90c574038ed0ffc20662784c8497a0541f10eb5ef483"
